
Microsoft Visual Studio Solution File, Format Version 12.00
# Visual Studio Version 16
VisualStudioVersion = 16.0.30907.101
MinimumVisualStudioVersion = 10.0.40219.1
Project("{FAE04EC0-301F-11D3-BF4B-00C04F79EFBC}") = "PracticeProject", "PracticeProject.csproj", "{67B9B03A-5A91-4F42-B34F-614FEF377E3A}"
EndProject
Project("{9A19103F-16F7-4668-BE54-9A1E7A4F7556}") = "AnotherMovieTest", "..\AnotherMovieTest\AnotherMovieTest.csproj", "{B9195718-ECD3-4D35-BA56-35E40152D3C1}"
EndProject
Global
	GlobalSection(SolutionConfigurationPlatforms) = preSolution
		Debug|Any CPU = Debug|Any CPU
		Debug|x64 = Debug|x64
		Release|Any CPU = Release|Any CPU
		Release|x64 = Release|x64
	EndGlobalSection
	GlobalSection(ProjectConfigurationPlatforms) = postSolution
		{67B9B03A-5A91-4F42-B34F-614FEF377E3A}.Debug|Any CPU.ActiveCfg = Debug|Any CPU
		{67B9B03A-5A91-4F42-B34F-614FEF377E3A}.Debug|Any CPU.Build.0 = Debug|Any CPU
		{67B9B03A-5A91-4F42-B34F-614FEF377E3A}.Debug|x64.ActiveCfg = Debug|x64
		{67B9B03A-5A91-4F42-B34F-614FEF377E3A}.Debug|x64.Build.0 = Debug|x64
		{67B9B03A-5A91-4F42-B34F-614FEF377E3A}.Release|Any CPU.ActiveCfg = Release|Any CPU
		{67B9B03A-5A91-4F42-B34F-614FEF377E3A}.Release|Any CPU.Build.0 = Release|Any CPU
		{67B9B03A-5A91-4F42-B34F-614FEF377E3A}.Release|x64.ActiveCfg = Release|x64
		{67B9B03A-5A91-4F42-B34F-614FEF377E3A}.Release|x64.Build.0 = Release|x64
		{B9195718-ECD3-4D35-BA56-35E40152D3C1}.Debug|Any CPU.ActiveCfg = Debug|Any CPU
		{B9195718-ECD3-4D35-BA56-35E40152D3C1}.Debug|Any CPU.Build.0 = Debug|Any CPU
		{B9195718-ECD3-4D35-BA56-35E40152D3C1}.Debug|x64.ActiveCfg = Debug|Any CPU
		{B9195718-ECD3-4D35-BA56-35E40152D3C1}.Release|Any CPU.ActiveCfg = Release|Any CPU
		{B9195718-ECD3-4D35-BA56-35E40152D3C1}.Release|Any CPU.Build.0 = Release|Any CPU
		{B9195718-ECD3-4D35-BA56-35E40152D3C1}.Release|x64.ActiveCfg = Release|Any CPU
	EndGlobalSection
	GlobalSection(SolutionProperties) = preSolution
		HideSolutionNode = FALSE
	EndGlobalSection
	GlobalSection(ExtensibilityGlobals) = postSolution
		SolutionGuid = {AE063AB3-7961-4653-BF3D-486451ED8038}
	EndGlobalSection
EndGlobal
