
Microsoft Visual Studio Solution File, Format Version 12.00
# Visual Studio Version 16
VisualStudioVersion = 16.0.30907.101
MinimumVisualStudioVersion = 10.0.40219.1
Project("{9A19103F-16F7-4668-BE54-9A1E7A4F7556}") = "JamLibrary", "JamLibrary.csproj", "{715E01EF-8B45-412E-8B5B-B50F2EEB3277}"
EndProject
Global
	GlobalSection(SolutionConfigurationPlatforms) = preSolution
		Debug|Any CPU = Debug|Any CPU
		Release|Any CPU = Release|Any CPU
	EndGlobalSection
	GlobalSection(ProjectConfigurationPlatforms) = postSolution
		{715E01EF-8B45-412E-8B5B-B50F2EEB3277}.Debug|Any CPU.ActiveCfg = Debug|Any CPU
		{715E01EF-8B45-412E-8B5B-B50F2EEB3277}.Debug|Any CPU.Build.0 = Debug|Any CPU
		{715E01EF-8B45-412E-8B5B-B50F2EEB3277}.Release|Any CPU.ActiveCfg = Release|Any CPU
		{715E01EF-8B45-412E-8B5B-B50F2EEB3277}.Release|Any CPU.Build.0 = Release|Any CPU
	EndGlobalSection
	GlobalSection(SolutionProperties) = preSolution
		HideSolutionNode = FALSE
	EndGlobalSection
	GlobalSection(ExtensibilityGlobals) = postSolution
		SolutionGuid = {684D3D32-122B-4C22-B2AF-571AA5093336}
	EndGlobalSection
EndGlobal
